
Microsoft Visual Studio Solution File, Format Version 12.00
# Visual Studio Version 17
VisualStudioVersion = 17.8.0.0
MinimumVisualStudioVersion = 17.8.0.0
Project("{2150E333-8FDC-42A3-9474-1A3956D46DE8}") = "monte_carlo", "monte_carlo", "{BFDA7439-9E74-9854-7876-25C99E70F2B0}"
EndProject
Project("{2150E333-8FDC-42A3-9474-1A3956D46DE8}") = "fournations", "fournations", "{0F99E527-7E61-F31C-0E32-4CCA88BB425A}"
EndProject
Project("{FAE04EC0-301F-11D3-BF4B-00C04F79EFBC}") = "FourNations.Simulation", "monte_carlo\fournations\FourNations.Simulation\FourNations.Simulation.csproj", "{7520BF1B-85BC-4ECF-A575-51B6AAC67143}"
EndProject
Project("{FAE04EC0-301F-11D3-BF4B-00C04F79EFBC}") = "FourNations.Simulation.Tests", "monte_carlo\fournations\FourNations.Simulation.Tests\FourNations.Simulation.Tests.csproj", "{F9530158-3745-4249-A6BC-7D7A3EE4962B}"
EndProject
Project("{FAE04EC0-301F-11D3-BF4B-00C04F79EFBC}") = "monte_carlo.ApiService", "monte_carlo\monte_carlo.ApiService\monte_carlo.ApiService.csproj", "{B73E16C3-564E-46C6-9A32-9D85FF304117}"
EndProject
Project("{FAE04EC0-301F-11D3-BF4B-00C04F79EFBC}") = "monte_carlo.ServiceDefaults", "monte_carlo\monte_carlo.ServiceDefaults\monte_carlo.ServiceDefaults.csproj", "{EE42C72E-B389-4A92-BF40-C73BA0C84CD4}"
EndProject
Project("{FAE04EC0-301F-11D3-BF4B-00C04F79EFBC}") = "monte_carlo.AppHost", "monte_carlo\monte_carlo.AppHost\monte_carlo.AppHost.csproj", "{1007E9B0-2E57-45F8-82D5-328981A5446B}"
EndProject
Project("{FAE04EC0-301F-11D3-BF4B-00C04F79EFBC}") = "PalCentral", "monte_carlo\PalCentral\PalCentral.csproj", "{E4CA9CDA-D0E4-4B53-8E17-F61E3D506DE4}"
EndProject
Project("{2150E333-8FDC-42A3-9474-1A3956D46DE8}") = "integrations", "integrations", "{796B601B-E5AE-6B14-FB6F-23B24A672579}"
	ProjectSection(SolutionItems) = preProject
		monte_carlo\integrations\README.html = monte_carlo\integrations\README.html
	EndProjectSection
EndProject
Project("{FAE04EC0-301F-11D3-BF4B-00C04F79EFBC}") = "PythonIntegrations", "monte_carlo\integrations\PythonIntegrations\PythonIntegrations.csproj", "{37661B3D-4BE7-4D5F-8D0B-55A746232DB1}"
EndProject
Project("{2150E333-8FDC-42A3-9474-1A3956D46DE8}") = "intelisim", "intelisim", "{E7A2E595-523F-05CA-2AFC-D906977C72AC}"
EndProject
Project("{2150E333-8FDC-42A3-9474-1A3956D46DE8}") = "guis", "guis", "{75ECCB35-D561-7DA6-BB16-1741D8864323}"
EndProject
Project("{FAE04EC0-301F-11D3-BF4B-00C04F79EFBC}") = "range", "monte_carlo\intelisim\guis\range\range.csproj", "{DD033220-EE65-47C4-A866-E3F966E784F4}"
EndProject
Project("{2150E333-8FDC-42A3-9474-1A3956D46DE8}") = "experimental", "experimental", "{7A54CBD9-3C8D-DAF4-E564-C55F8DE2D941}"
EndProject
Project("{FAE04EC0-301F-11D3-BF4B-00C04F79EFBC}") = "BlackMesa.Tests", "monte_carlo\intelisim\experimental\BlackMesa.Tests\BlackMesa.Tests.csproj", "{DF66D671-DA4A-48E2-9A29-966ED23870A3}"
EndProject
Project("{FAE04EC0-301F-11D3-BF4B-00C04F79EFBC}") = "BlackMesa", "monte_carlo\intelisim\experimental\BlackMesa\BlackMesa.csproj", "{504B9A6C-B17C-4D24-8127-A16D6BF5D0AB}"
EndProject
Project("{FAE04EC0-301F-11D3-BF4B-00C04F79EFBC}") = "BlackMesa.Sims", "monte_carlo\intelisim\experimental\BlackMesa.Sims\BlackMesa.Sims.csproj", "{160F906F-8D96-4879-8833-C857060FF2FD}"
EndProject
Project("{2150E333-8FDC-42A3-9474-1A3956D46DE8}") = "refrences", "refrences", "{890BAD2D-2603-A229-4098-4F7F9F830D3B}"
EndProject
Project("{2150E333-8FDC-42A3-9474-1A3956D46DE8}") = "MonteCarlo", "MonteCarlo", "{BE01755B-0342-DDDA-67BB-5E9965AEBA60}"
EndProject
Project("{FAE04EC0-301F-11D3-BF4B-00C04F79EFBC}") = "MonteCarlo", "monte_carlo\intelisim\refrences\MonteCarlo\MonteCarlo\MonteCarlo.csproj", "{EFCC3623-29BA-45BA-A7B0-6ABD9E7910A9}"
EndProject
Global
	GlobalSection(SolutionConfigurationPlatforms) = preSolution
		Debug|Any CPU = Debug|Any CPU
		Debug|x64 = Debug|x64
		Debug|x86 = Debug|x86
		Release|Any CPU = Release|Any CPU
		Release|x64 = Release|x64
		Release|x86 = Release|x86
	EndGlobalSection
	GlobalSection(ProjectConfigurationPlatforms) = postSolution
		{7520BF1B-85BC-4ECF-A575-51B6AAC67143}.Debug|Any CPU.ActiveCfg = Debug|Any CPU
		{7520BF1B-85BC-4ECF-A575-51B6AAC67143}.Debug|Any CPU.Build.0 = Debug|Any CPU
		{7520BF1B-85BC-4ECF-A575-51B6AAC67143}.Debug|x64.ActiveCfg = Debug|Any CPU
		{7520BF1B-85BC-4ECF-A575-51B6AAC67143}.Debug|x64.Build.0 = Debug|Any CPU
		{7520BF1B-85BC-4ECF-A575-51B6AAC67143}.Debug|x86.ActiveCfg = Debug|Any CPU
		{7520BF1B-85BC-4ECF-A575-51B6AAC67143}.Debug|x86.Build.0 = Debug|Any CPU
		{7520BF1B-85BC-4ECF-A575-51B6AAC67143}.Release|Any CPU.ActiveCfg = Release|Any CPU
		{7520BF1B-85BC-4ECF-A575-51B6AAC67143}.Release|Any CPU.Build.0 = Release|Any CPU
		{7520BF1B-85BC-4ECF-A575-51B6AAC67143}.Release|x64.ActiveCfg = Release|Any CPU
		{7520BF1B-85BC-4ECF-A575-51B6AAC67143}.Release|x64.Build.0 = Release|Any CPU
		{7520BF1B-85BC-4ECF-A575-51B6AAC67143}.Release|x86.ActiveCfg = Release|Any CPU
		{7520BF1B-85BC-4ECF-A575-51B6AAC67143}.Release|x86.Build.0 = Release|Any CPU
		{F9530158-3745-4249-A6BC-7D7A3EE4962B}.Debug|Any CPU.ActiveCfg = Debug|Any CPU
		{F9530158-3745-4249-A6BC-7D7A3EE4962B}.Debug|Any CPU.Build.0 = Debug|Any CPU
		{F9530158-3745-4249-A6BC-7D7A3EE4962B}.Debug|x64.ActiveCfg = Debug|Any CPU
		{F9530158-3745-4249-A6BC-7D7A3EE4962B}.Debug|x64.Build.0 = Debug|Any CPU
		{F9530158-3745-4249-A6BC-7D7A3EE4962B}.Debug|x86.ActiveCfg = Debug|Any CPU
		{F9530158-3745-4249-A6BC-7D7A3EE4962B}.Debug|x86.Build.0 = Debug|Any CPU
		{F9530158-3745-4249-A6BC-7D7A3EE4962B}.Release|Any CPU.ActiveCfg = Release|Any CPU
		{F9530158-3745-4249-A6BC-7D7A3EE4962B}.Release|Any CPU.Build.0 = Release|Any CPU
		{F9530158-3745-4249-A6BC-7D7A3EE4962B}.Release|x64.ActiveCfg = Release|Any CPU
		{F9530158-3745-4249-A6BC-7D7A3EE4962B}.Release|x64.Build.0 = Release|Any CPU
		{F9530158-3745-4249-A6BC-7D7A3EE4962B}.Release|x86.ActiveCfg = Release|Any CPU
		{F9530158-3745-4249-A6BC-7D7A3EE4962B}.Release|x86.Build.0 = Release|Any CPU
		{B73E16C3-564E-46C6-9A32-9D85FF304117}.Debug|Any CPU.ActiveCfg = Debug|Any CPU
		{B73E16C3-564E-46C6-9A32-9D85FF304117}.Debug|Any CPU.Build.0 = Debug|Any CPU
		{B73E16C3-564E-46C6-9A32-9D85FF304117}.Debug|x64.ActiveCfg = Debug|Any CPU
		{B73E16C3-564E-46C6-9A32-9D85FF304117}.Debug|x64.Build.0 = Debug|Any CPU
		{B73E16C3-564E-46C6-9A32-9D85FF304117}.Debug|x86.ActiveCfg = Debug|Any CPU
		{B73E16C3-564E-46C6-9A32-9D85FF304117}.Debug|x86.Build.0 = Debug|Any CPU
		{B73E16C3-564E-46C6-9A32-9D85FF304117}.Release|Any CPU.ActiveCfg = Release|Any CPU
		{B73E16C3-564E-46C6-9A32-9D85FF304117}.Release|Any CPU.Build.0 = Release|Any CPU
		{B73E16C3-564E-46C6-9A32-9D85FF304117}.Release|x64.ActiveCfg = Release|Any CPU
		{B73E16C3-564E-46C6-9A32-9D85FF304117}.Release|x64.Build.0 = Release|Any CPU
		{B73E16C3-564E-46C6-9A32-9D85FF304117}.Release|x86.ActiveCfg = Release|Any CPU
		{B73E16C3-564E-46C6-9A32-9D85FF304117}.Release|x86.Build.0 = Release|Any CPU
		{EE42C72E-B389-4A92-BF40-C73BA0C84CD4}.Debug|Any CPU.ActiveCfg = Debug|Any CPU
		{EE42C72E-B389-4A92-BF40-C73BA0C84CD4}.Debug|Any CPU.Build.0 = Debug|Any CPU
		{EE42C72E-B389-4A92-BF40-C73BA0C84CD4}.Debug|x64.ActiveCfg = Debug|Any CPU
		{EE42C72E-B389-4A92-BF40-C73BA0C84CD4}.Debug|x64.Build.0 = Debug|Any CPU
		{EE42C72E-B389-4A92-BF40-C73BA0C84CD4}.Debug|x86.ActiveCfg = Debug|Any CPU
		{EE42C72E-B389-4A92-BF40-C73BA0C84CD4}.Debug|x86.Build.0 = Debug|Any CPU
		{EE42C72E-B389-4A92-BF40-C73BA0C84CD4}.Release|Any CPU.ActiveCfg = Release|Any CPU
		{EE42C72E-B389-4A92-BF40-C73BA0C84CD4}.Release|Any CPU.Build.0 = Release|Any CPU
		{EE42C72E-B389-4A92-BF40-C73BA0C84CD4}.Release|x64.ActiveCfg = Release|Any CPU
		{EE42C72E-B389-4A92-BF40-C73BA0C84CD4}.Release|x64.Build.0 = Release|Any CPU
		{EE42C72E-B389-4A92-BF40-C73BA0C84CD4}.Release|x86.ActiveCfg = Release|Any CPU
		{EE42C72E-B389-4A92-BF40-C73BA0C84CD4}.Release|x86.Build.0 = Release|Any CPU
		{1007E9B0-2E57-45F8-82D5-328981A5446B}.Debug|Any CPU.ActiveCfg = Debug|Any CPU
		{1007E9B0-2E57-45F8-82D5-328981A5446B}.Debug|Any CPU.Build.0 = Debug|Any CPU
		{1007E9B0-2E57-45F8-82D5-328981A5446B}.Debug|x64.ActiveCfg = Debug|Any CPU
		{1007E9B0-2E57-45F8-82D5-328981A5446B}.Debug|x64.Build.0 = Debug|Any CPU
		{1007E9B0-2E57-45F8-82D5-328981A5446B}.Debug|x86.ActiveCfg = Debug|Any CPU
		{1007E9B0-2E57-45F8-82D5-328981A5446B}.Debug|x86.Build.0 = Debug|Any CPU
		{1007E9B0-2E57-45F8-82D5-328981A5446B}.Release|Any CPU.ActiveCfg = Release|Any CPU
		{1007E9B0-2E57-45F8-82D5-328981A5446B}.Release|Any CPU.Build.0 = Release|Any CPU
		{1007E9B0-2E57-45F8-82D5-328981A5446B}.Release|x64.ActiveCfg = Release|Any CPU
		{1007E9B0-2E57-45F8-82D5-328981A5446B}.Release|x64.Build.0 = Release|Any CPU
		{1007E9B0-2E57-45F8-82D5-328981A5446B}.Release|x86.ActiveCfg = Release|Any CPU
		{1007E9B0-2E57-45F8-82D5-328981A5446B}.Release|x86.Build.0 = Release|Any CPU
		{E4CA9CDA-D0E4-4B53-8E17-F61E3D506DE4}.Debug|Any CPU.ActiveCfg = Debug|Any CPU
		{E4CA9CDA-D0E4-4B53-8E17-F61E3D506DE4}.Debug|Any CPU.Build.0 = Debug|Any CPU
		{E4CA9CDA-D0E4-4B53-8E17-F61E3D506DE4}.Debug|x64.ActiveCfg = Debug|Any CPU
		{E4CA9CDA-D0E4-4B53-8E17-F61E3D506DE4}.Debug|x64.Build.0 = Debug|Any CPU
		{E4CA9CDA-D0E4-4B53-8E17-F61E3D506DE4}.Debug|x86.ActiveCfg = Debug|Any CPU
		{E4CA9CDA-D0E4-4B53-8E17-F61E3D506DE4}.Debug|x86.Build.0 = Debug|Any CPU
		{E4CA9CDA-D0E4-4B53-8E17-F61E3D506DE4}.Release|Any CPU.ActiveCfg = Release|Any CPU
		{E4CA9CDA-D0E4-4B53-8E17-F61E3D506DE4}.Release|Any CPU.Build.0 = Release|Any CPU
		{E4CA9CDA-D0E4-4B53-8E17-F61E3D506DE4}.Release|x64.ActiveCfg = Release|Any CPU
		{E4CA9CDA-D0E4-4B53-8E17-F61E3D506DE4}.Release|x64.Build.0 = Release|Any CPU
		{E4CA9CDA-D0E4-4B53-8E17-F61E3D506DE4}.Release|x86.ActiveCfg = Release|Any CPU
		{E4CA9CDA-D0E4-4B53-8E17-F61E3D506DE4}.Release|x86.Build.0 = Release|Any CPU
		{37661B3D-4BE7-4D5F-8D0B-55A746232DB1}.Debug|Any CPU.ActiveCfg = Debug|Any CPU
		{37661B3D-4BE7-4D5F-8D0B-55A746232DB1}.Debug|Any CPU.Build.0 = Debug|Any CPU
		{37661B3D-4BE7-4D5F-8D0B-55A746232DB1}.Debug|x64.ActiveCfg = Debug|Any CPU
		{37661B3D-4BE7-4D5F-8D0B-55A746232DB1}.Debug|x64.Build.0 = Debug|Any CPU
		{37661B3D-4BE7-4D5F-8D0B-55A746232DB1}.Debug|x86.ActiveCfg = Debug|Any CPU
		{37661B3D-4BE7-4D5F-8D0B-55A746232DB1}.Debug|x86.Build.0 = Debug|Any CPU
		{37661B3D-4BE7-4D5F-8D0B-55A746232DB1}.Release|Any CPU.ActiveCfg = Release|Any CPU
		{37661B3D-4BE7-4D5F-8D0B-55A746232DB1}.Release|Any CPU.Build.0 = Release|Any CPU
		{37661B3D-4BE7-4D5F-8D0B-55A746232DB1}.Release|x64.ActiveCfg = Release|Any CPU
		{37661B3D-4BE7-4D5F-8D0B-55A746232DB1}.Release|x64.Build.0 = Release|Any CPU
		{37661B3D-4BE7-4D5F-8D0B-55A746232DB1}.Release|x86.ActiveCfg = Release|Any CPU
		{37661B3D-4BE7-4D5F-8D0B-55A746232DB1}.Release|x86.Build.0 = Release|Any CPU
		{DD033220-EE65-47C4-A866-E3F966E784F4}.Debug|Any CPU.ActiveCfg = Debug|Any CPU
		{DD033220-EE65-47C4-A866-E3F966E784F4}.Debug|Any CPU.Build.0 = Debug|Any CPU
		{DD033220-EE65-47C4-A866-E3F966E784F4}.Debug|x64.ActiveCfg = Debug|Any CPU
		{DD033220-EE65-47C4-A866-E3F966E784F4}.Debug|x64.Build.0 = Debug|Any CPU
		{DD033220-EE65-47C4-A866-E3F966E784F4}.Debug|x86.ActiveCfg = Debug|Any CPU
		{DD033220-EE65-47C4-A866-E3F966E784F4}.Debug|x86.Build.0 = Debug|Any CPU
		{DD033220-EE65-47C4-A866-E3F966E784F4}.Release|Any CPU.ActiveCfg = Release|Any CPU
		{DD033220-EE65-47C4-A866-E3F966E784F4}.Release|Any CPU.Build.0 = Release|Any CPU
		{DD033220-EE65-47C4-A866-E3F966E784F4}.Release|x64.ActiveCfg = Release|Any CPU
		{DD033220-EE65-47C4-A866-E3F966E784F4}.Release|x64.Build.0 = Release|Any CPU
		{DD033220-EE65-47C4-A866-E3F966E784F4}.Release|x86.ActiveCfg = Release|Any CPU
		{DD033220-EE65-47C4-A866-E3F966E784F4}.Release|x86.Build.0 = Release|Any CPU
		{DF66D671-DA4A-48E2-9A29-966ED23870A3}.Debug|Any CPU.ActiveCfg = Debug|Any CPU
		{DF66D671-DA4A-48E2-9A29-966ED23870A3}.Debug|Any CPU.Build.0 = Debug|Any CPU
		{DF66D671-DA4A-48E2-9A29-966ED23870A3}.Debug|x64.ActiveCfg = Debug|Any CPU
		{DF66D671-DA4A-48E2-9A29-966ED23870A3}.Debug|x64.Build.0 = Debug|Any CPU
		{DF66D671-DA4A-48E2-9A29-966ED23870A3}.Debug|x86.ActiveCfg = Debug|Any CPU
		{DF66D671-DA4A-48E2-9A29-966ED23870A3}.Debug|x86.Build.0 = Debug|Any CPU
		{DF66D671-DA4A-48E2-9A29-966ED23870A3}.Release|Any CPU.ActiveCfg = Release|Any CPU
		{DF66D671-DA4A-48E2-9A29-966ED23870A3}.Release|Any CPU.Build.0 = Release|Any CPU
		{DF66D671-DA4A-48E2-9A29-966ED23870A3}.Release|x64.ActiveCfg = Release|Any CPU
		{DF66D671-DA4A-48E2-9A29-966ED23870A3}.Release|x64.Build.0 = Release|Any CPU
		{DF66D671-DA4A-48E2-9A29-966ED23870A3}.Release|x86.ActiveCfg = Release|Any CPU
		{DF66D671-DA4A-48E2-9A29-966ED23870A3}.Release|x86.Build.0 = Release|Any CPU
		{504B9A6C-B17C-4D24-8127-A16D6BF5D0AB}.Debug|Any CPU.ActiveCfg = Debug|Any CPU
		{504B9A6C-B17C-4D24-8127-A16D6BF5D0AB}.Debug|Any CPU.Build.0 = Debug|Any CPU
		{504B9A6C-B17C-4D24-8127-A16D6BF5D0AB}.Debug|x64.ActiveCfg = Debug|Any CPU
		{504B9A6C-B17C-4D24-8127-A16D6BF5D0AB}.Debug|x64.Build.0 = Debug|Any CPU
		{504B9A6C-B17C-4D24-8127-A16D6BF5D0AB}.Debug|x86.ActiveCfg = Debug|Any CPU
		{504B9A6C-B17C-4D24-8127-A16D6BF5D0AB}.Debug|x86.Build.0 = Debug|Any CPU
		{504B9A6C-B17C-4D24-8127-A16D6BF5D0AB}.Release|Any CPU.ActiveCfg = Release|Any CPU
		{504B9A6C-B17C-4D24-8127-A16D6BF5D0AB}.Release|Any CPU.Build.0 = Release|Any CPU
		{504B9A6C-B17C-4D24-8127-A16D6BF5D0AB}.Release|x64.ActiveCfg = Release|Any CPU
		{504B9A6C-B17C-4D24-8127-A16D6BF5D0AB}.Release|x64.Build.0 = Release|Any CPU
		{504B9A6C-B17C-4D24-8127-A16D6BF5D0AB}.Release|x86.ActiveCfg = Release|Any CPU
		{504B9A6C-B17C-4D24-8127-A16D6BF5D0AB}.Release|x86.Build.0 = Release|Any CPU
		{160F906F-8D96-4879-8833-C857060FF2FD}.Debug|Any CPU.ActiveCfg = Debug|Any CPU
		{160F906F-8D96-4879-8833-C857060FF2FD}.Debug|Any CPU.Build.0 = Debug|Any CPU
		{160F906F-8D96-4879-8833-C857060FF2FD}.Debug|x64.ActiveCfg = Debug|Any CPU
		{160F906F-8D96-4879-8833-C857060FF2FD}.Debug|x64.Build.0 = Debug|Any CPU
		{160F906F-8D96-4879-8833-C857060FF2FD}.Debug|x86.ActiveCfg = Debug|Any CPU
		{160F906F-8D96-4879-8833-C857060FF2FD}.Debug|x86.Build.0 = Debug|Any CPU
		{160F906F-8D96-4879-8833-C857060FF2FD}.Release|Any CPU.ActiveCfg = Release|Any CPU
		{160F906F-8D96-4879-8833-C857060FF2FD}.Release|Any CPU.Build.0 = Release|Any CPU
		{160F906F-8D96-4879-8833-C857060FF2FD}.Release|x64.ActiveCfg = Release|Any CPU
		{160F906F-8D96-4879-8833-C857060FF2FD}.Release|x64.Build.0 = Release|Any CPU
		{160F906F-8D96-4879-8833-C857060FF2FD}.Release|x86.ActiveCfg = Release|Any CPU
		{160F906F-8D96-4879-8833-C857060FF2FD}.Release|x86.Build.0 = Release|Any CPU
		{EFCC3623-29BA-45BA-A7B0-6ABD9E7910A9}.Debug|Any CPU.ActiveCfg = Debug|Any CPU
		{EFCC3623-29BA-45BA-A7B0-6ABD9E7910A9}.Debug|Any CPU.Build.0 = Debug|Any CPU
		{EFCC3623-29BA-45BA-A7B0-6ABD9E7910A9}.Debug|x64.ActiveCfg = Debug|Any CPU
		{EFCC3623-29BA-45BA-A7B0-6ABD9E7910A9}.Debug|x64.Build.0 = Debug|Any CPU
		{EFCC3623-29BA-45BA-A7B0-6ABD9E7910A9}.Debug|x86.ActiveCfg = Debug|Any CPU
		{EFCC3623-29BA-45BA-A7B0-6ABD9E7910A9}.Debug|x86.Build.0 = Debug|Any CPU
		{EFCC3623-29BA-45BA-A7B0-6ABD9E7910A9}.Release|Any CPU.ActiveCfg = Release|Any CPU
		{EFCC3623-29BA-45BA-A7B0-6ABD9E7910A9}.Release|Any CPU.Build.0 = Release|Any CPU
		{EFCC3623-29BA-45BA-A7B0-6ABD9E7910A9}.Release|x64.ActiveCfg = Release|Any CPU
		{EFCC3623-29BA-45BA-A7B0-6ABD9E7910A9}.Release|x64.Build.0 = Release|Any CPU
		{EFCC3623-29BA-45BA-A7B0-6ABD9E7910A9}.Release|x86.ActiveCfg = Release|Any CPU
		{EFCC3623-29BA-45BA-A7B0-6ABD9E7910A9}.Release|x86.Build.0 = Release|Any CPU
	EndGlobalSection
	GlobalSection(SolutionProperties) = preSolution
		HideSolutionNode = FALSE
	EndGlobalSection
	GlobalSection(NestedProjects) = preSolution
		{0F99E527-7E61-F31C-0E32-4CCA88BB425A} = {BFDA7439-9E74-9854-7876-25C99E70F2B0}
		{7520BF1B-85BC-4ECF-A575-51B6AAC67143} = {0F99E527-7E61-F31C-0E32-4CCA88BB425A}
		{F9530158-3745-4249-A6BC-7D7A3EE4962B} = {0F99E527-7E61-F31C-0E32-4CCA88BB425A}
		{B73E16C3-564E-46C6-9A32-9D85FF304117} = {BFDA7439-9E74-9854-7876-25C99E70F2B0}
		{EE42C72E-B389-4A92-BF40-C73BA0C84CD4} = {BFDA7439-9E74-9854-7876-25C99E70F2B0}
		{1007E9B0-2E57-45F8-82D5-328981A5446B} = {BFDA7439-9E74-9854-7876-25C99E70F2B0}
		{E4CA9CDA-D0E4-4B53-8E17-F61E3D506DE4} = {BFDA7439-9E74-9854-7876-25C99E70F2B0}
		{796B601B-E5AE-6B14-FB6F-23B24A672579} = {BFDA7439-9E74-9854-7876-25C99E70F2B0}
		{37661B3D-4BE7-4D5F-8D0B-55A746232DB1} = {796B601B-E5AE-6B14-FB6F-23B24A672579}
		{E7A2E595-523F-05CA-2AFC-D906977C72AC} = {BFDA7439-9E74-9854-7876-25C99E70F2B0}
		{75ECCB35-D561-7DA6-BB16-1741D8864323} = {E7A2E595-523F-05CA-2AFC-D906977C72AC}
		{DD033220-EE65-47C4-A866-E3F966E784F4} = {75ECCB35-D561-7DA6-BB16-1741D8864323}
		{7A54CBD9-3C8D-DAF4-E564-C55F8DE2D941} = {E7A2E595-523F-05CA-2AFC-D906977C72AC}
		{DF66D671-DA4A-48E2-9A29-966ED23870A3} = {7A54CBD9-3C8D-DAF4-E564-C55F8DE2D941}
		{504B9A6C-B17C-4D24-8127-A16D6BF5D0AB} = {7A54CBD9-3C8D-DAF4-E564-C55F8DE2D941}
		{160F906F-8D96-4879-8833-C857060FF2FD} = {7A54CBD9-3C8D-DAF4-E564-C55F8DE2D941}
		{890BAD2D-2603-A229-4098-4F7F9F830D3B} = {E7A2E595-523F-05CA-2AFC-D906977C72AC}
		{BE01755B-0342-DDDA-67BB-5E9965AEBA60} = {890BAD2D-2603-A229-4098-4F7F9F830D3B}
		{EFCC3623-29BA-45BA-A7B0-6ABD9E7910A9} = {BE01755B-0342-DDDA-67BB-5E9965AEBA60}
	EndGlobalSection
	GlobalSection(ExtensibilityGlobals) = postSolution
		SolutionGuid = {B948A0E7-8F01-4AB8-BE4A-EE43B366912B}
	EndGlobalSection
EndGlobal
