
Microsoft Visual Studio Solution File, Format Version 12.00
# Visual Studio Version 17
VisualStudioVersion = 17.8.0.0
MinimumVisualStudioVersion = 17.8.0.0
Project("{2150E333-8FDC-42A3-9474-1A3956D46DE8}") = "monte_carlo", "monte_carlo", "{BFDA7439-9E74-9854-7876-25C99E70F2B0}"
EndProject
Project("{2150E333-8FDC-42A3-9474-1A3956D46DE8}") = "fournations", "fournations", "{0F99E527-7E61-F31C-0E32-4CCA88BB425A}"
EndProject
Project("{FAE04EC0-301F-11D3-BF4B-00C04F79EFBC}") = "FourNations.Simulation", "monte_carlo\fournations\FourNations.Simulation\FourNations.Simulation.csproj", "{7520BF1B-85BC-4ECF-A575-51B6AAC67143}"
EndProject
Project("{FAE04EC0-301F-11D3-BF4B-00C04F79EFBC}") = "FourNations.Simulation.Tests", "monte_carlo\fournations\FourNations.Simulation.Tests\FourNations.Simulation.Tests.csproj", "{F9530158-3745-4249-A6BC-7D7A3EE4962B}"
EndProject
Project("{FAE04EC0-301F-11D3-BF4B-00C04F79EFBC}") = "monte_carlo.ApiService", "monte_carlo\monte_carlo.ApiService\monte_carlo.ApiService.csproj", "{B73E16C3-564E-46C6-9A32-9D85FF304117}"
EndProject
Project("{FAE04EC0-301F-11D3-BF4B-00C04F79EFBC}") = "monte_carlo.ServiceDefaults", "monte_carlo\monte_carlo.ServiceDefaults\monte_carlo.ServiceDefaults.csproj", "{EE42C72E-B389-4A92-BF40-C73BA0C84CD4}"
EndProject
Project("{FAE04EC0-301F-11D3-BF4B-00C04F79EFBC}") = "monte_carlo.AppHost", "monte_carlo\monte_carlo.AppHost\monte_carlo.AppHost.csproj", "{1007E9B0-2E57-45F8-82D5-328981A5446B}"
EndProject
Project("{FAE04EC0-301F-11D3-BF4B-00C04F79EFBC}") = "PalCentral", "monte_carlo\PalCentral\PalCentral.csproj", "{E4CA9CDA-D0E4-4B53-8E17-F61E3D506DE4}"
EndProject
Project("{2150E333-8FDC-42A3-9474-1A3956D46DE8}") = "integrations", "integrations", "{796B601B-E5AE-6B14-FB6F-23B24A672579}"
EndProject
Project("{FAE04EC0-301F-11D3-BF4B-00C04F79EFBC}") = "PythonIntegrations", "monte_carlo\integrations\PythonIntegrations\PythonIntegrations.csproj", "{37661B3D-4BE7-4D5F-8D0B-55A746232DB1}"
EndProject
Global
	GlobalSection(SolutionConfigurationPlatforms) = preSolution
		Debug|Any CPU = Debug|Any CPU
		Debug|x64 = Debug|x64
		Debug|x86 = Debug|x86
		Release|Any CPU = Release|Any CPU
		Release|x64 = Release|x64
		Release|x86 = Release|x86
	EndGlobalSection
	GlobalSection(ProjectConfigurationPlatforms) = postSolution
		{7520BF1B-85BC-4ECF-A575-51B6AAC67143}.Debug|Any CPU.ActiveCfg = Debug|Any CPU
		{7520BF1B-85BC-4ECF-A575-51B6AAC67143}.Debug|Any CPU.Build.0 = Debug|Any CPU
		{7520BF1B-85BC-4ECF-A575-51B6AAC67143}.Debug|x64.ActiveCfg = Debug|Any CPU
		{7520BF1B-85BC-4ECF-A575-51B6AAC67143}.Debug|x64.Build.0 = Debug|Any CPU
		{7520BF1B-85BC-4ECF-A575-51B6AAC67143}.Debug|x86.ActiveCfg = Debug|Any CPU
		{7520BF1B-85BC-4ECF-A575-51B6AAC67143}.Debug|x86.Build.0 = Debug|Any CPU
		{7520BF1B-85BC-4ECF-A575-51B6AAC67143}.Release|Any CPU.ActiveCfg = Release|Any CPU
		{7520BF1B-85BC-4ECF-A575-51B6AAC67143}.Release|Any CPU.Build.0 = Release|Any CPU
		{7520BF1B-85BC-4ECF-A575-51B6AAC67143}.Release|x64.ActiveCfg = Release|Any CPU
		{7520BF1B-85BC-4ECF-A575-51B6AAC67143}.Release|x64.Build.0 = Release|Any CPU
		{7520BF1B-85BC-4ECF-A575-51B6AAC67143}.Release|x86.ActiveCfg = Release|Any CPU
		{7520BF1B-85BC-4ECF-A575-51B6AAC67143}.Release|x86.Build.0 = Release|Any CPU
		{F9530158-3745-4249-A6BC-7D7A3EE4962B}.Debug|Any CPU.ActiveCfg = Debug|Any CPU
		{F9530158-3745-4249-A6BC-7D7A3EE4962B}.Debug|Any CPU.Build.0 = Debug|Any CPU
		{F9530158-3745-4249-A6BC-7D7A3EE4962B}.Debug|x64.ActiveCfg = Debug|Any CPU
		{F9530158-3745-4249-A6BC-7D7A3EE4962B}.Debug|x64.Build.0 = Debug|Any CPU
		{F9530158-3745-4249-A6BC-7D7A3EE4962B}.Debug|x86.ActiveCfg = Debug|Any CPU
		{F9530158-3745-4249-A6BC-7D7A3EE4962B}.Debug|x86.Build.0 = Debug|Any CPU
		{F9530158-3745-4249-A6BC-7D7A3EE4962B}.Release|Any CPU.ActiveCfg = Release|Any CPU
		{F9530158-3745-4249-A6BC-7D7A3EE4962B}.Release|Any CPU.Build.0 = Release|Any CPU
		{F9530158-3745-4249-A6BC-7D7A3EE4962B}.Release|x64.ActiveCfg = Release|Any CPU
		{F9530158-3745-4249-A6BC-7D7A3EE4962B}.Release|x64.Build.0 = Release|Any CPU
		{F9530158-3745-4249-A6BC-7D7A3EE4962B}.Release|x86.ActiveCfg = Release|Any CPU
		{F9530158-3745-4249-A6BC-7D7A3EE4962B}.Release|x86.Build.0 = Release|Any CPU
		{B73E16C3-564E-46C6-9A32-9D85FF304117}.Debug|Any CPU.ActiveCfg = Debug|Any CPU
		{B73E16C3-564E-46C6-9A32-9D85FF304117}.Debug|Any CPU.Build.0 = Debug|Any CPU
		{B73E16C3-564E-46C6-9A32-9D85FF304117}.Debug|x64.ActiveCfg = Debug|Any CPU
		{B73E16C3-564E-46C6-9A32-9D85FF304117}.Debug|x64.Build.0 = Debug|Any CPU
		{B73E16C3-564E-46C6-9A32-9D85FF304117}.Debug|x86.ActiveCfg = Debug|Any CPU
		{B73E16C3-564E-46C6-9A32-9D85FF304117}.Debug|x86.Build.0 = Debug|Any CPU
		{B73E16C3-564E-46C6-9A32-9D85FF304117}.Release|Any CPU.ActiveCfg = Release|Any CPU
		{B73E16C3-564E-46C6-9A32-9D85FF304117}.Release|Any CPU.Build.0 = Release|Any CPU
		{B73E16C3-564E-46C6-9A32-9D85FF304117}.Release|x64.ActiveCfg = Release|Any CPU
		{B73E16C3-564E-46C6-9A32-9D85FF304117}.Release|x64.Build.0 = Release|Any CPU
		{B73E16C3-564E-46C6-9A32-9D85FF304117}.Release|x86.ActiveCfg = Release|Any CPU
		{B73E16C3-564E-46C6-9A32-9D85FF304117}.Release|x86.Build.0 = Release|Any CPU
		{EE42C72E-B389-4A92-BF40-C73BA0C84CD4}.Debug|Any CPU.ActiveCfg = Debug|Any CPU
		{EE42C72E-B389-4A92-BF40-C73BA0C84CD4}.Debug|Any CPU.Build.0 = Debug|Any CPU
		{EE42C72E-B389-4A92-BF40-C73BA0C84CD4}.Debug|x64.ActiveCfg = Debug|Any CPU
		{EE42C72E-B389-4A92-BF40-C73BA0C84CD4}.Debug|x64.Build.0 = Debug|Any CPU
		{EE42C72E-B389-4A92-BF40-C73BA0C84CD4}.Debug|x86.ActiveCfg = Debug|Any CPU
		{EE42C72E-B389-4A92-BF40-C73BA0C84CD4}.Debug|x86.Build.0 = Debug|Any CPU
		{EE42C72E-B389-4A92-BF40-C73BA0C84CD4}.Release|Any CPU.ActiveCfg = Release|Any CPU
		{EE42C72E-B389-4A92-BF40-C73BA0C84CD4}.Release|Any CPU.Build.0 = Release|Any CPU
		{EE42C72E-B389-4A92-BF40-C73BA0C84CD4}.Release|x64.ActiveCfg = Release|Any CPU
		{EE42C72E-B389-4A92-BF40-C73BA0C84CD4}.Release|x64.Build.0 = Release|Any CPU
		{EE42C72E-B389-4A92-BF40-C73BA0C84CD4}.Release|x86.ActiveCfg = Release|Any CPU
		{EE42C72E-B389-4A92-BF40-C73BA0C84CD4}.Release|x86.Build.0 = Release|Any CPU
		{1007E9B0-2E57-45F8-82D5-328981A5446B}.Debug|Any CPU.ActiveCfg = Debug|Any CPU
		{1007E9B0-2E57-45F8-82D5-328981A5446B}.Debug|Any CPU.Build.0 = Debug|Any CPU
		{1007E9B0-2E57-45F8-82D5-328981A5446B}.Debug|x64.ActiveCfg = Debug|Any CPU
		{1007E9B0-2E57-45F8-82D5-328981A5446B}.Debug|x64.Build.0 = Debug|Any CPU
		{1007E9B0-2E57-45F8-82D5-328981A5446B}.Debug|x86.ActiveCfg = Debug|Any CPU
		{1007E9B0-2E57-45F8-82D5-328981A5446B}.Debug|x86.Build.0 = Debug|Any CPU
		{1007E9B0-2E57-45F8-82D5-328981A5446B}.Release|Any CPU.ActiveCfg = Release|Any CPU
		{1007E9B0-2E57-45F8-82D5-328981A5446B}.Release|Any CPU.Build.0 = Release|Any CPU
		{1007E9B0-2E57-45F8-82D5-328981A5446B}.Release|x64.ActiveCfg = Release|Any CPU
		{1007E9B0-2E57-45F8-82D5-328981A5446B}.Release|x64.Build.0 = Release|Any CPU
		{1007E9B0-2E57-45F8-82D5-328981A5446B}.Release|x86.ActiveCfg = Release|Any CPU
		{1007E9B0-2E57-45F8-82D5-328981A5446B}.Release|x86.Build.0 = Release|Any CPU
		{E4CA9CDA-D0E4-4B53-8E17-F61E3D506DE4}.Debug|Any CPU.ActiveCfg = Debug|Any CPU
		{E4CA9CDA-D0E4-4B53-8E17-F61E3D506DE4}.Debug|Any CPU.Build.0 = Debug|Any CPU
		{E4CA9CDA-D0E4-4B53-8E17-F61E3D506DE4}.Debug|x64.ActiveCfg = Debug|Any CPU
		{E4CA9CDA-D0E4-4B53-8E17-F61E3D506DE4}.Debug|x64.Build.0 = Debug|Any CPU
		{E4CA9CDA-D0E4-4B53-8E17-F61E3D506DE4}.Debug|x86.ActiveCfg = Debug|Any CPU
		{E4CA9CDA-D0E4-4B53-8E17-F61E3D506DE4}.Debug|x86.Build.0 = Debug|Any CPU
		{E4CA9CDA-D0E4-4B53-8E17-F61E3D506DE4}.Release|Any CPU.ActiveCfg = Release|Any CPU
		{E4CA9CDA-D0E4-4B53-8E17-F61E3D506DE4}.Release|Any CPU.Build.0 = Release|Any CPU
		{E4CA9CDA-D0E4-4B53-8E17-F61E3D506DE4}.Release|x64.ActiveCfg = Release|Any CPU
		{E4CA9CDA-D0E4-4B53-8E17-F61E3D506DE4}.Release|x64.Build.0 = Release|Any CPU
		{E4CA9CDA-D0E4-4B53-8E17-F61E3D506DE4}.Release|x86.ActiveCfg = Release|Any CPU
		{E4CA9CDA-D0E4-4B53-8E17-F61E3D506DE4}.Release|x86.Build.0 = Release|Any CPU
		{37661B3D-4BE7-4D5F-8D0B-55A746232DB1}.Debug|Any CPU.ActiveCfg = Debug|Any CPU
		{37661B3D-4BE7-4D5F-8D0B-55A746232DB1}.Debug|Any CPU.Build.0 = Debug|Any CPU
		{37661B3D-4BE7-4D5F-8D0B-55A746232DB1}.Debug|x64.ActiveCfg = Debug|Any CPU
		{37661B3D-4BE7-4D5F-8D0B-55A746232DB1}.Debug|x64.Build.0 = Debug|Any CPU
		{37661B3D-4BE7-4D5F-8D0B-55A746232DB1}.Debug|x86.ActiveCfg = Debug|Any CPU
		{37661B3D-4BE7-4D5F-8D0B-55A746232DB1}.Debug|x86.Build.0 = Debug|Any CPU
		{37661B3D-4BE7-4D5F-8D0B-55A746232DB1}.Release|Any CPU.ActiveCfg = Release|Any CPU
		{37661B3D-4BE7-4D5F-8D0B-55A746232DB1}.Release|Any CPU.Build.0 = Release|Any CPU
		{37661B3D-4BE7-4D5F-8D0B-55A746232DB1}.Release|x64.ActiveCfg = Release|Any CPU
		{37661B3D-4BE7-4D5F-8D0B-55A746232DB1}.Release|x64.Build.0 = Release|Any CPU
		{37661B3D-4BE7-4D5F-8D0B-55A746232DB1}.Release|x86.ActiveCfg = Release|Any CPU
		{37661B3D-4BE7-4D5F-8D0B-55A746232DB1}.Release|x86.Build.0 = Release|Any CPU
	EndGlobalSection
	GlobalSection(SolutionProperties) = preSolution
		HideSolutionNode = FALSE
	EndGlobalSection
	GlobalSection(NestedProjects) = preSolution
		{0F99E527-7E61-F31C-0E32-4CCA88BB425A} = {BFDA7439-9E74-9854-7876-25C99E70F2B0}
		{7520BF1B-85BC-4ECF-A575-51B6AAC67143} = {0F99E527-7E61-F31C-0E32-4CCA88BB425A}
		{F9530158-3745-4249-A6BC-7D7A3EE4962B} = {0F99E527-7E61-F31C-0E32-4CCA88BB425A}
		{B73E16C3-564E-46C6-9A32-9D85FF304117} = {BFDA7439-9E74-9854-7876-25C99E70F2B0}
		{EE42C72E-B389-4A92-BF40-C73BA0C84CD4} = {BFDA7439-9E74-9854-7876-25C99E70F2B0}
		{1007E9B0-2E57-45F8-82D5-328981A5446B} = {BFDA7439-9E74-9854-7876-25C99E70F2B0}
		{E4CA9CDA-D0E4-4B53-8E17-F61E3D506DE4} = {BFDA7439-9E74-9854-7876-25C99E70F2B0}
		{796B601B-E5AE-6B14-FB6F-23B24A672579} = {BFDA7439-9E74-9854-7876-25C99E70F2B0}
		{37661B3D-4BE7-4D5F-8D0B-55A746232DB1} = {796B601B-E5AE-6B14-FB6F-23B24A672579}
	EndGlobalSection
	GlobalSection(ExtensibilityGlobals) = postSolution
		SolutionGuid = {B948A0E7-8F01-4AB8-BE4A-EE43B366912B}
	EndGlobalSection
EndGlobal
